
Microsoft Visual Studio Solution File, Format Version 12.00
# Visual Studio 15
VisualStudioVersion = 15.0.27703.2035
MinimumVisualStudioVersion = 10.0.40219.1
Project("{FAE04EC0-301F-11D3-BF4B-00C04F79EFBC}") = "PokeMMOLevelTool", "PokeMMOLevelTool\PokeMMOLevelTool.csproj", "{D7087A6A-FBEE-4BD2-AE21-0E97DF5EAA45}"
EndProject
Global
	GlobalSection(SolutionConfigurationPlatforms) = preSolution
		Debug|Any CPU = Debug|Any CPU
		Release|Any CPU = Release|Any CPU
	EndGlobalSection
	GlobalSection(ProjectConfigurationPlatforms) = postSolution
		{D7087A6A-FBEE-4BD2-AE21-0E97DF5EAA45}.Debug|Any CPU.ActiveCfg = Debug|Any CPU
		{D7087A6A-FBEE-4BD2-AE21-0E97DF5EAA45}.Debug|Any CPU.Build.0 = Debug|Any CPU
		{D7087A6A-FBEE-4BD2-AE21-0E97DF5EAA45}.Release|Any CPU.ActiveCfg = Release|Any CPU
		{D7087A6A-FBEE-4BD2-AE21-0E97DF5EAA45}.Release|Any CPU.Build.0 = Release|Any CPU
	EndGlobalSection
	GlobalSection(SolutionProperties) = preSolution
		HideSolutionNode = FALSE
	EndGlobalSection
	GlobalSection(ExtensibilityGlobals) = postSolution
		SolutionGuid = {F97AE38E-A89D-4618-B61E-FB1D4ACE5583}
	EndGlobalSection
EndGlobal
